
Microsoft Visual Studio Solution File, Format Version 12.00
# Visual Studio Version 16
VisualStudioVersion = 16.0.30204.135
MinimumVisualStudioVersion = 10.0.40219.1
Project("{FAE04EC0-301F-11D3-BF4B-00C04F79EFBC}") = "Logik game", "Logik game\Logik game.csproj", "{5D2CCB75-9702-4BB4-9843-7F86B1178A2D}"
EndProject
Global
	GlobalSection(SolutionConfigurationPlatforms) = preSolution
		Debug|Any CPU = Debug|Any CPU
		Release|Any CPU = Release|Any CPU
	EndGlobalSection
	GlobalSection(ProjectConfigurationPlatforms) = postSolution
		{5D2CCB75-9702-4BB4-9843-7F86B1178A2D}.Debug|Any CPU.ActiveCfg = Debug|Any CPU
		{5D2CCB75-9702-4BB4-9843-7F86B1178A2D}.Debug|Any CPU.Build.0 = Debug|Any CPU
		{5D2CCB75-9702-4BB4-9843-7F86B1178A2D}.Release|Any CPU.ActiveCfg = Release|Any CPU
		{5D2CCB75-9702-4BB4-9843-7F86B1178A2D}.Release|Any CPU.Build.0 = Release|Any CPU
	EndGlobalSection
	GlobalSection(SolutionProperties) = preSolution
		HideSolutionNode = FALSE
	EndGlobalSection
	GlobalSection(ExtensibilityGlobals) = postSolution
		SolutionGuid = {D35365AC-452F-4852-857A-F21D79043A89}
	EndGlobalSection
EndGlobal
